
Microsoft Visual Studio Solution File, Format Version 12.00
# Visual Studio 15
VisualStudioVersion = 15.0.28010.2041
MinimumVisualStudioVersion = 10.0.40219.1
Project("{9A19103F-16F7-4668-BE54-9A1E7A4F7556}") = "LucaLeone.WebCatalog.API", "LucaLeone.WebCatalog.API\LucaLeone.WebCatalog.API.csproj", "{9C6D4F2E-104E-4375-A290-E940A1572829}"
EndProject
Project("{9A19103F-16F7-4668-BE54-9A1E7A4F7556}") = "LucaLeone.WebCatalog.MVC", "LucaLeone.WebCatalog.MVC\LucaLeone.WebCatalog.MVC.csproj", "{DB958CEB-0981-437C-8836-23160B68DB8A}"
EndProject
Project("{2150E333-8FDC-42A3-9474-1A3956D46DE8}") = "API", "API", "{5453B418-7C36-4DBD-A091-EC1002F4936E}"
EndProject
Project("{2150E333-8FDC-42A3-9474-1A3956D46DE8}") = "API.Core", "API.Core", "{974D6DDE-C9AB-4BCF-B1AB-CEEB1B82C21E}"
EndProject
Project("{2150E333-8FDC-42A3-9474-1A3956D46DE8}") = "API.Data", "API.Data", "{C10CF706-AF73-4B5F-BC55-B61E26F574DD}"
EndProject
Project("{2150E333-8FDC-42A3-9474-1A3956D46DE8}") = "Tests", "Tests", "{7C0742E3-05E4-4D74-8516-D10D9AE6C2E5}"
EndProject
Project("{2150E333-8FDC-42A3-9474-1A3956D46DE8}") = "MVC", "MVC", "{20C43E62-0376-48C1-9AFE-61867DC83E7A}"
EndProject
Project("{9A19103F-16F7-4668-BE54-9A1E7A4F7556}") = "LucaLeone.WebCatalog.API.Services", "LucaLeone.WebCatalog.API.Services\LucaLeone.WebCatalog.API.Services.csproj", "{1AD4134F-F65A-447A-98E9-2B9B9C47A25D}"
EndProject
Project("{9A19103F-16F7-4668-BE54-9A1E7A4F7556}") = "LucaLeone.WebCatalog.API.DataAccessors", "LucaLeone.WebCatalog.API.DataAccessors\LucaLeone.WebCatalog.API.DataAccessors.csproj", "{5DC604E7-8C54-43BB-8B93-842835881851}"
EndProject
Project("{9A19103F-16F7-4668-BE54-9A1E7A4F7556}") = "LucaLeone.WebCatalog.API.DTO", "LucaLeone.WebCatalog.API.DTO\LucaLeone.WebCatalog.API.DTO.csproj", "{B7F3D060-8385-4A77-B396-C91C20DF07B7}"
EndProject
Project("{9A19103F-16F7-4668-BE54-9A1E7A4F7556}") = "LucaLeone.WebCatalog.API.Entities", "LucaLeone.WebCatalog.API.Entities\LucaLeone.WebCatalog.API.Entities.csproj", "{D2834010-F057-48A5-B05D-125400C4000E}"
EndProject
Project("{FAE04EC0-301F-11D3-BF4B-00C04F79EFBC}") = "LucaLeone.WebCatalog.API.Tests", "LucaLeone.WebCatalog.API.Tests\LucaLeone.WebCatalog.API.Tests.csproj", "{1DC563B7-A9AE-4CF6-AF3C-E848B0E328FA}"
EndProject
Global
	GlobalSection(SolutionConfigurationPlatforms) = preSolution
		Debug|Any CPU = Debug|Any CPU
		Release|Any CPU = Release|Any CPU
	EndGlobalSection
	GlobalSection(ProjectConfigurationPlatforms) = postSolution
		{9C6D4F2E-104E-4375-A290-E940A1572829}.Debug|Any CPU.ActiveCfg = Debug|Any CPU
		{9C6D4F2E-104E-4375-A290-E940A1572829}.Debug|Any CPU.Build.0 = Debug|Any CPU
		{9C6D4F2E-104E-4375-A290-E940A1572829}.Release|Any CPU.ActiveCfg = Release|Any CPU
		{9C6D4F2E-104E-4375-A290-E940A1572829}.Release|Any CPU.Build.0 = Release|Any CPU
		{DB958CEB-0981-437C-8836-23160B68DB8A}.Debug|Any CPU.ActiveCfg = Debug|Any CPU
		{DB958CEB-0981-437C-8836-23160B68DB8A}.Debug|Any CPU.Build.0 = Debug|Any CPU
		{DB958CEB-0981-437C-8836-23160B68DB8A}.Release|Any CPU.ActiveCfg = Release|Any CPU
		{DB958CEB-0981-437C-8836-23160B68DB8A}.Release|Any CPU.Build.0 = Release|Any CPU
		{1AD4134F-F65A-447A-98E9-2B9B9C47A25D}.Debug|Any CPU.ActiveCfg = Debug|Any CPU
		{1AD4134F-F65A-447A-98E9-2B9B9C47A25D}.Debug|Any CPU.Build.0 = Debug|Any CPU
		{1AD4134F-F65A-447A-98E9-2B9B9C47A25D}.Release|Any CPU.ActiveCfg = Release|Any CPU
		{1AD4134F-F65A-447A-98E9-2B9B9C47A25D}.Release|Any CPU.Build.0 = Release|Any CPU
		{5DC604E7-8C54-43BB-8B93-842835881851}.Debug|Any CPU.ActiveCfg = Debug|Any CPU
		{5DC604E7-8C54-43BB-8B93-842835881851}.Debug|Any CPU.Build.0 = Debug|Any CPU
		{5DC604E7-8C54-43BB-8B93-842835881851}.Release|Any CPU.ActiveCfg = Release|Any CPU
		{5DC604E7-8C54-43BB-8B93-842835881851}.Release|Any CPU.Build.0 = Release|Any CPU
		{B7F3D060-8385-4A77-B396-C91C20DF07B7}.Debug|Any CPU.ActiveCfg = Debug|Any CPU
		{B7F3D060-8385-4A77-B396-C91C20DF07B7}.Debug|Any CPU.Build.0 = Debug|Any CPU
		{B7F3D060-8385-4A77-B396-C91C20DF07B7}.Release|Any CPU.ActiveCfg = Release|Any CPU
		{B7F3D060-8385-4A77-B396-C91C20DF07B7}.Release|Any CPU.Build.0 = Release|Any CPU
		{D2834010-F057-48A5-B05D-125400C4000E}.Debug|Any CPU.ActiveCfg = Debug|Any CPU
		{D2834010-F057-48A5-B05D-125400C4000E}.Debug|Any CPU.Build.0 = Debug|Any CPU
		{D2834010-F057-48A5-B05D-125400C4000E}.Release|Any CPU.ActiveCfg = Release|Any CPU
		{D2834010-F057-48A5-B05D-125400C4000E}.Release|Any CPU.Build.0 = Release|Any CPU
		{1DC563B7-A9AE-4CF6-AF3C-E848B0E328FA}.Debug|Any CPU.ActiveCfg = Debug|Any CPU
		{1DC563B7-A9AE-4CF6-AF3C-E848B0E328FA}.Debug|Any CPU.Build.0 = Debug|Any CPU
		{1DC563B7-A9AE-4CF6-AF3C-E848B0E328FA}.Release|Any CPU.ActiveCfg = Release|Any CPU
		{1DC563B7-A9AE-4CF6-AF3C-E848B0E328FA}.Release|Any CPU.Build.0 = Release|Any CPU
	EndGlobalSection
	GlobalSection(SolutionProperties) = preSolution
		HideSolutionNode = FALSE
	EndGlobalSection
	GlobalSection(NestedProjects) = preSolution
		{9C6D4F2E-104E-4375-A290-E940A1572829} = {5453B418-7C36-4DBD-A091-EC1002F4936E}
		{DB958CEB-0981-437C-8836-23160B68DB8A} = {20C43E62-0376-48C1-9AFE-61867DC83E7A}
		{1AD4134F-F65A-447A-98E9-2B9B9C47A25D} = {974D6DDE-C9AB-4BCF-B1AB-CEEB1B82C21E}
		{5DC604E7-8C54-43BB-8B93-842835881851} = {C10CF706-AF73-4B5F-BC55-B61E26F574DD}
		{B7F3D060-8385-4A77-B396-C91C20DF07B7} = {5453B418-7C36-4DBD-A091-EC1002F4936E}
		{D2834010-F057-48A5-B05D-125400C4000E} = {C10CF706-AF73-4B5F-BC55-B61E26F574DD}
		{1DC563B7-A9AE-4CF6-AF3C-E848B0E328FA} = {7C0742E3-05E4-4D74-8516-D10D9AE6C2E5}
	EndGlobalSection
	GlobalSection(ExtensibilityGlobals) = postSolution
		SolutionGuid = {15A31C4C-27D8-42F9-BF32-4A65102B5F35}
	EndGlobalSection
EndGlobal
