
Microsoft Visual Studio Solution File, Format Version 12.00
# Visual Studio 15
VisualStudioVersion = 15.0.28010.2041
MinimumVisualStudioVersion = 10.0.40219.1
Project("{9A19103F-16F7-4668-BE54-9A1E7A4F7556}") = "LucaLeone.WebCatalog.API", "LucaLeone.WebCatalog.API\LucaLeone.WebCatalog.API.csproj", "{9C6D4F2E-104E-4375-A290-E940A1572829}"
EndProject
Project("{9A19103F-16F7-4668-BE54-9A1E7A4F7556}") = "LucaLeone.WebCatalog.MVC", "LucaLeone.WebCatalog.MVC\LucaLeone.WebCatalog.MVC.csproj", "{DB958CEB-0981-437C-8836-23160B68DB8A}"
EndProject
Project("{2150E333-8FDC-42A3-9474-1A3956D46DE8}") = "API", "API", "{5453B418-7C36-4DBD-A091-EC1002F4936E}"
EndProject
Project("{2150E333-8FDC-42A3-9474-1A3956D46DE8}") = "API.Core", "API.Core", "{974D6DDE-C9AB-4BCF-B1AB-CEEB1B82C21E}"
EndProject
Project("{2150E333-8FDC-42A3-9474-1A3956D46DE8}") = "API.Data", "API.Data", "{C10CF706-AF73-4B5F-BC55-B61E26F574DD}"
EndProject
Project("{2150E333-8FDC-42A3-9474-1A3956D46DE8}") = "Tests", "Tests", "{7C0742E3-05E4-4D74-8516-D10D9AE6C2E5}"
EndProject
Project("{2150E333-8FDC-42A3-9474-1A3956D46DE8}") = "MVC", "MVC", "{20C43E62-0376-48C1-9AFE-61867DC83E7A}"
EndProject
Project("{2150E333-8FDC-42A3-9474-1A3956D46DE8}") = "API.Models", "API.Models", "{BEF896B0-BAB5-4044-9D62-EED0EF0FFC12}"
EndProject
Project("{9A19103F-16F7-4668-BE54-9A1E7A4F7556}") = "LucaLeone.WebCatalog.API.Services", "LucaLeone.WebCatalog.API.Services\LucaLeone.WebCatalog.API.Services.csproj", "{1AD4134F-F65A-447A-98E9-2B9B9C47A25D}"
EndProject
Project("{9A19103F-16F7-4668-BE54-9A1E7A4F7556}") = "LucaLeone.WebCatalog.API.DataAccessors", "LucaLeone.WebCatalog.API.DataAccessors\LucaLeone.WebCatalog.API.DataAccessors.csproj", "{5DC604E7-8C54-43BB-8B93-842835881851}"
EndProject
Project("{9A19103F-16F7-4668-BE54-9A1E7A4F7556}") = "LucaLeone.WebCatalog.API.Models", "LucaLeone.WebCatalog.API.Models\LucaLeone.WebCatalog.API.Models.csproj", "{A2B07466-4F3A-40E5-A957-9D7DC0B6810F}"
EndProject
Project("{9A19103F-16F7-4668-BE54-9A1E7A4F7556}") = "LucaLeone.WebCatalog.API.Exceptions", "LucaLeone.WebCatalog.API.Exceptions\LucaLeone.WebCatalog.API.Exceptions.csproj", "{CC9711DF-4527-481E-BE9B-0F115E36E730}"
EndProject
Project("{9A19103F-16F7-4668-BE54-9A1E7A4F7556}") = "LucaLeone.WebCatalog.API.Extensions", "LucaLeone.WebCatalog.API.Extensions\LucaLeone.WebCatalog.API.Extensions.csproj", "{F7042FB9-4731-4AE5-A915-CF9C34927A27}"
EndProject
Global
	GlobalSection(SolutionConfigurationPlatforms) = preSolution
		Debug|Any CPU = Debug|Any CPU
		Release|Any CPU = Release|Any CPU
	EndGlobalSection
	GlobalSection(ProjectConfigurationPlatforms) = postSolution
		{9C6D4F2E-104E-4375-A290-E940A1572829}.Debug|Any CPU.ActiveCfg = Debug|Any CPU
		{9C6D4F2E-104E-4375-A290-E940A1572829}.Debug|Any CPU.Build.0 = Debug|Any CPU
		{9C6D4F2E-104E-4375-A290-E940A1572829}.Release|Any CPU.ActiveCfg = Release|Any CPU
		{9C6D4F2E-104E-4375-A290-E940A1572829}.Release|Any CPU.Build.0 = Release|Any CPU
		{DB958CEB-0981-437C-8836-23160B68DB8A}.Debug|Any CPU.ActiveCfg = Debug|Any CPU
		{DB958CEB-0981-437C-8836-23160B68DB8A}.Debug|Any CPU.Build.0 = Debug|Any CPU
		{DB958CEB-0981-437C-8836-23160B68DB8A}.Release|Any CPU.ActiveCfg = Release|Any CPU
		{DB958CEB-0981-437C-8836-23160B68DB8A}.Release|Any CPU.Build.0 = Release|Any CPU
		{1AD4134F-F65A-447A-98E9-2B9B9C47A25D}.Debug|Any CPU.ActiveCfg = Debug|Any CPU
		{1AD4134F-F65A-447A-98E9-2B9B9C47A25D}.Debug|Any CPU.Build.0 = Debug|Any CPU
		{1AD4134F-F65A-447A-98E9-2B9B9C47A25D}.Release|Any CPU.ActiveCfg = Release|Any CPU
		{1AD4134F-F65A-447A-98E9-2B9B9C47A25D}.Release|Any CPU.Build.0 = Release|Any CPU
		{5DC604E7-8C54-43BB-8B93-842835881851}.Debug|Any CPU.ActiveCfg = Debug|Any CPU
		{5DC604E7-8C54-43BB-8B93-842835881851}.Debug|Any CPU.Build.0 = Debug|Any CPU
		{5DC604E7-8C54-43BB-8B93-842835881851}.Release|Any CPU.ActiveCfg = Release|Any CPU
		{5DC604E7-8C54-43BB-8B93-842835881851}.Release|Any CPU.Build.0 = Release|Any CPU
		{A2B07466-4F3A-40E5-A957-9D7DC0B6810F}.Debug|Any CPU.ActiveCfg = Debug|Any CPU
		{A2B07466-4F3A-40E5-A957-9D7DC0B6810F}.Debug|Any CPU.Build.0 = Debug|Any CPU
		{A2B07466-4F3A-40E5-A957-9D7DC0B6810F}.Release|Any CPU.ActiveCfg = Release|Any CPU
		{A2B07466-4F3A-40E5-A957-9D7DC0B6810F}.Release|Any CPU.Build.0 = Release|Any CPU
		{CC9711DF-4527-481E-BE9B-0F115E36E730}.Debug|Any CPU.ActiveCfg = Debug|Any CPU
		{CC9711DF-4527-481E-BE9B-0F115E36E730}.Debug|Any CPU.Build.0 = Debug|Any CPU
		{CC9711DF-4527-481E-BE9B-0F115E36E730}.Release|Any CPU.ActiveCfg = Release|Any CPU
		{CC9711DF-4527-481E-BE9B-0F115E36E730}.Release|Any CPU.Build.0 = Release|Any CPU
		{F7042FB9-4731-4AE5-A915-CF9C34927A27}.Debug|Any CPU.ActiveCfg = Debug|Any CPU
		{F7042FB9-4731-4AE5-A915-CF9C34927A27}.Debug|Any CPU.Build.0 = Debug|Any CPU
		{F7042FB9-4731-4AE5-A915-CF9C34927A27}.Release|Any CPU.ActiveCfg = Release|Any CPU
		{F7042FB9-4731-4AE5-A915-CF9C34927A27}.Release|Any CPU.Build.0 = Release|Any CPU
	EndGlobalSection
	GlobalSection(SolutionProperties) = preSolution
		HideSolutionNode = FALSE
	EndGlobalSection
	GlobalSection(NestedProjects) = preSolution
		{9C6D4F2E-104E-4375-A290-E940A1572829} = {5453B418-7C36-4DBD-A091-EC1002F4936E}
		{DB958CEB-0981-437C-8836-23160B68DB8A} = {20C43E62-0376-48C1-9AFE-61867DC83E7A}
		{1AD4134F-F65A-447A-98E9-2B9B9C47A25D} = {974D6DDE-C9AB-4BCF-B1AB-CEEB1B82C21E}
		{5DC604E7-8C54-43BB-8B93-842835881851} = {C10CF706-AF73-4B5F-BC55-B61E26F574DD}
		{A2B07466-4F3A-40E5-A957-9D7DC0B6810F} = {BEF896B0-BAB5-4044-9D62-EED0EF0FFC12}
		{CC9711DF-4527-481E-BE9B-0F115E36E730} = {BEF896B0-BAB5-4044-9D62-EED0EF0FFC12}
		{F7042FB9-4731-4AE5-A915-CF9C34927A27} = {BEF896B0-BAB5-4044-9D62-EED0EF0FFC12}
	EndGlobalSection
	GlobalSection(ExtensibilityGlobals) = postSolution
		SolutionGuid = {15A31C4C-27D8-42F9-BF32-4A65102B5F35}
	EndGlobalSection
EndGlobal
